// !$*UTF8*$!
{
	archiveVersion = 1;
	classes = {
	};
	objectVersion = 55;
	objects = {

/* Begin PBXBuildFile section */
		48A2C46C287350FD0066E14D /* AppDelegate.swift in Sources */ = {isa = PBXBuildFile; fileRef = 48A2C46B287350FD0066E14D /* AppDelegate.swift */; };
		48A2C46E287350FD0066E14D /* SceneDelegate.swift in Sources */ = {isa = PBXBuildFile; fileRef = 48A2C46D287350FD0066E14D /* SceneDelegate.swift */; };
		48A2C470287350FD0066E14D /* AuthViewController.swift in Sources */ = {isa = PBXBuildFile; fileRef = 48A2C46F287350FD0066E14D /* AuthViewController.swift */; };
		48A2C475287350FE0066E14D /* Assets.xcassets in Resources */ = {isa = PBXBuildFile; fileRef = 48A2C474287350FE0066E14D /* Assets.xcassets */; };
		48A2C478287350FE0066E14D /* LaunchScreen.storyboard in Resources */ = {isa = PBXBuildFile; fileRef = 48A2C476287350FE0066E14D /* LaunchScreen.storyboard */; };
		48A2C480287362B90066E14D /* UIButton + Extansion.swift in Sources */ = {isa = PBXBuildFile; fileRef = 48A2C47F287362B90066E14D /* UIButton + Extansion.swift */; };
		48A2C482287366EC0066E14D /* UIFont + Extansion.swift in Sources */ = {isa = PBXBuildFile; fileRef = 48A2C481287366EC0066E14D /* UIFont + Extansion.swift */; };
		48A2C4862873687F0066E14D /* UIColor + Extansion.swift in Sources */ = {isa = PBXBuildFile; fileRef = 48A2C4852873687F0066E14D /* UIColor + Extansion.swift */; };
		48A2C48828736FE10066E14D /* UILabel + Extansion.swift in Sources */ = {isa = PBXBuildFile; fileRef = 48A2C48728736FE10066E14D /* UILabel + Extansion.swift */; };
		48A2C48A287372020066E14D /* UIImageView + Extansion.swift in Sources */ = {isa = PBXBuildFile; fileRef = 48A2C489287372020066E14D /* UIImageView + Extansion.swift */; };
		48A2C48D2873DA770066E14D /* ButtonFromView.swift in Sources */ = {isa = PBXBuildFile; fileRef = 48A2C48C2873DA770066E14D /* ButtonFromView.swift */; };
		48A2C48F2873E6200066E14D /* UIStackView + Extansion.swift in Sources */ = {isa = PBXBuildFile; fileRef = 48A2C48E2873E6200066E14D /* UIStackView + Extansion.swift */; };
		48A2C4912873EDFF0066E14D /* SignUpViewController.swift in Sources */ = {isa = PBXBuildFile; fileRef = 48A2C4902873EDFF0066E14D /* SignUpViewController.swift */; };
		48A2C4932873F6AB0066E14D /* OneLineTextField.swift in Sources */ = {isa = PBXBuildFile; fileRef = 48A2C4922873F6AB0066E14D /* OneLineTextField.swift */; };
		48A2C496287414A30066E14D /* LoginViewController.swift in Sources */ = {isa = PBXBuildFile; fileRef = 48A2C495287414A30066E14D /* LoginViewController.swift */; };
		48A2C49828744ED00066E14D /* SetupProfileViewController.swift in Sources */ = {isa = PBXBuildFile; fileRef = 48A2C49728744ECF0066E14D /* SetupProfileViewController.swift */; };
		48A2C49A287455890066E14D /* AddPhotoView.swift in Sources */ = {isa = PBXBuildFile; fileRef = 48A2C499287455890066E14D /* AddPhotoView.swift */; };
		48A2C49C28749FC80066E14D /* UISegmentedControl + Extansion.swift in Sources */ = {isa = PBXBuildFile; fileRef = 48A2C49B28749FC80066E14D /* UISegmentedControl + Extansion.swift */; };
		48A2C49E2874A8420066E14D /* ListViewController.swift in Sources */ = {isa = PBXBuildFile; fileRef = 48A2C49D2874A8420066E14D /* ListViewController.swift */; };
		48A2C4A12874AA5D0066E14D /* MainTabBarController.swift in Sources */ = {isa = PBXBuildFile; fileRef = 48A2C4A02874AA5D0066E14D /* MainTabBarController.swift */; };
		48A2C4A32874AAE60066E14D /* PeopleViewController.swift in Sources */ = {isa = PBXBuildFile; fileRef = 48A2C4A22874AAE60066E14D /* PeopleViewController.swift */; };
		48A2C4A72874BD0C0066E14D /* MChat.swift in Sources */ = {isa = PBXBuildFile; fileRef = 48A2C4A62874BD0C0066E14D /* MChat.swift */; };
		48A2C4AB28755BFF0066E14D /* ActiveChatCell.swift in Sources */ = {isa = PBXBuildFile; fileRef = 48A2C4AA28755BFF0066E14D /* ActiveChatCell.swift */; };
		48A2C4AD28755E600066E14D /* ProtocolConfigurationCell.swift in Sources */ = {isa = PBXBuildFile; fileRef = 48A2C4AC28755E600066E14D /* ProtocolConfigurationCell.swift */; };
		48A2C4AF28758E620066E14D /* GradientView.swift in Sources */ = {isa = PBXBuildFile; fileRef = 48A2C4AE28758E620066E14D /* GradientView.swift */; };
		48A2C4B12875967D0066E14D /* WaitingChatCell.swift in Sources */ = {isa = PBXBuildFile; fileRef = 48A2C4B02875967D0066E14D /* WaitingChatCell.swift */; };
		48A2C4B3287599CC0066E14D /* SectionHeader.swift in Sources */ = {isa = PBXBuildFile; fileRef = 48A2C4B2287599CC0066E14D /* SectionHeader.swift */; };
/* End PBXBuildFile section */

/* Begin PBXFileReference section */
		48A2C468287350FD0066E14D /* iChat.app */ = {isa = PBXFileReference; explicitFileType = wrapper.application; includeInIndex = 0; path = iChat.app; sourceTree = BUILT_PRODUCTS_DIR; };
		48A2C46B287350FD0066E14D /* AppDelegate.swift */ = {isa = PBXFileReference; lastKnownFileType = sourcecode.swift; path = AppDelegate.swift; sourceTree = "<group>"; };
		48A2C46D287350FD0066E14D /* SceneDelegate.swift */ = {isa = PBXFileReference; lastKnownFileType = sourcecode.swift; path = SceneDelegate.swift; sourceTree = "<group>"; };
		48A2C46F287350FD0066E14D /* AuthViewController.swift */ = {isa = PBXFileReference; lastKnownFileType = sourcecode.swift; path = AuthViewController.swift; sourceTree = "<group>"; };
		48A2C474287350FE0066E14D /* Assets.xcassets */ = {isa = PBXFileReference; lastKnownFileType = folder.assetcatalog; path = Assets.xcassets; sourceTree = "<group>"; };
		48A2C477287350FE0066E14D /* Base */ = {isa = PBXFileReference; lastKnownFileType = file.storyboard; name = Base; path = Base.lproj/LaunchScreen.storyboard; sourceTree = "<group>"; };
		48A2C479287350FE0066E14D /* Info.plist */ = {isa = PBXFileReference; lastKnownFileType = text.plist.xml; path = Info.plist; sourceTree = "<group>"; };
		48A2C47F287362B90066E14D /* UIButton + Extansion.swift */ = {isa = PBXFileReference; lastKnownFileType = sourcecode.swift; path = "UIButton + Extansion.swift"; sourceTree = "<group>"; };
		48A2C481287366EC0066E14D /* UIFont + Extansion.swift */ = {isa = PBXFileReference; lastKnownFileType = sourcecode.swift; path = "UIFont + Extansion.swift"; sourceTree = "<group>"; };
		48A2C4852873687F0066E14D /* UIColor + Extansion.swift */ = {isa = PBXFileReference; lastKnownFileType = sourcecode.swift; path = "UIColor + Extansion.swift"; sourceTree = "<group>"; };
		48A2C48728736FE10066E14D /* UILabel + Extansion.swift */ = {isa = PBXFileReference; lastKnownFileType = sourcecode.swift; path = "UILabel + Extansion.swift"; sourceTree = "<group>"; };
		48A2C489287372020066E14D /* UIImageView + Extansion.swift */ = {isa = PBXFileReference; lastKnownFileType = sourcecode.swift; path = "UIImageView + Extansion.swift"; sourceTree = "<group>"; };
		48A2C48C2873DA770066E14D /* ButtonFromView.swift */ = {isa = PBXFileReference; lastKnownFileType = sourcecode.swift; path = ButtonFromView.swift; sourceTree = "<group>"; };
		48A2C48E2873E6200066E14D /* UIStackView + Extansion.swift */ = {isa = PBXFileReference; lastKnownFileType = sourcecode.swift; path = "UIStackView + Extansion.swift"; sourceTree = "<group>"; };
		48A2C4902873EDFF0066E14D /* SignUpViewController.swift */ = {isa = PBXFileReference; lastKnownFileType = sourcecode.swift; path = SignUpViewController.swift; sourceTree = "<group>"; };
		48A2C4922873F6AB0066E14D /* OneLineTextField.swift */ = {isa = PBXFileReference; lastKnownFileType = sourcecode.swift; path = OneLineTextField.swift; sourceTree = "<group>"; };
		48A2C495287414A30066E14D /* LoginViewController.swift */ = {isa = PBXFileReference; lastKnownFileType = sourcecode.swift; path = LoginViewController.swift; sourceTree = "<group>"; };
		48A2C49728744ECF0066E14D /* SetupProfileViewController.swift */ = {isa = PBXFileReference; lastKnownFileType = sourcecode.swift; path = SetupProfileViewController.swift; sourceTree = "<group>"; };
		48A2C499287455890066E14D /* AddPhotoView.swift */ = {isa = PBXFileReference; lastKnownFileType = sourcecode.swift; path = AddPhotoView.swift; sourceTree = "<group>"; };
		48A2C49B28749FC80066E14D /* UISegmentedControl + Extansion.swift */ = {isa = PBXFileReference; lastKnownFileType = sourcecode.swift; path = "UISegmentedControl + Extansion.swift"; sourceTree = "<group>"; };
		48A2C49D2874A8420066E14D /* ListViewController.swift */ = {isa = PBXFileReference; lastKnownFileType = sourcecode.swift; path = ListViewController.swift; sourceTree = "<group>"; };
		48A2C4A02874AA5D0066E14D /* MainTabBarController.swift */ = {isa = PBXFileReference; lastKnownFileType = sourcecode.swift; path = MainTabBarController.swift; sourceTree = "<group>"; };
		48A2C4A22874AAE60066E14D /* PeopleViewController.swift */ = {isa = PBXFileReference; lastKnownFileType = sourcecode.swift; path = PeopleViewController.swift; sourceTree = "<group>"; };
		48A2C4A62874BD0C0066E14D /* MChat.swift */ = {isa = PBXFileReference; lastKnownFileType = sourcecode.swift; path = MChat.swift; sourceTree = "<group>"; };
		48A2C4AA28755BFF0066E14D /* ActiveChatCell.swift */ = {isa = PBXFileReference; lastKnownFileType = sourcecode.swift; path = ActiveChatCell.swift; sourceTree = "<group>"; };
		48A2C4AC28755E600066E14D /* ProtocolConfigurationCell.swift */ = {isa = PBXFileReference; lastKnownFileType = sourcecode.swift; path = ProtocolConfigurationCell.swift; sourceTree = "<group>"; };
		48A2C4AE28758E620066E14D /* GradientView.swift */ = {isa = PBXFileReference; lastKnownFileType = sourcecode.swift; path = GradientView.swift; sourceTree = "<group>"; };
		48A2C4B02875967D0066E14D /* WaitingChatCell.swift */ = {isa = PBXFileReference; lastKnownFileType = sourcecode.swift; path = WaitingChatCell.swift; sourceTree = "<group>"; };
		48A2C4B2287599CC0066E14D /* SectionHeader.swift */ = {isa = PBXFileReference; lastKnownFileType = sourcecode.swift; path = SectionHeader.swift; sourceTree = "<group>"; };
/* End PBXFileReference section */

/* Begin PBXFrameworksBuildPhase section */
		48A2C465287350FD0066E14D /* Frameworks */ = {
			isa = PBXFrameworksBuildPhase;
			buildActionMask = 2147483647;
			files = (
			);
			runOnlyForDeploymentPostprocessing = 0;
		};
/* End PBXFrameworksBuildPhase section */

/* Begin PBXGroup section */
		48A2C45F287350FD0066E14D = {
			isa = PBXGroup;
			children = (
				48A2C46A287350FD0066E14D /* iChat */,
				48A2C469287350FD0066E14D /* Products */,
			);
			sourceTree = "<group>";
		};
		48A2C469287350FD0066E14D /* Products */ = {
			isa = PBXGroup;
			children = (
				48A2C468287350FD0066E14D /* iChat.app */,
			);
			name = Products;
			sourceTree = "<group>";
		};
		48A2C46A287350FD0066E14D /* iChat */ = {
			isa = PBXGroup;
			children = (
				48A2C4A42874BCE40066E14D /* Models */,
				48A2C4A828755BD60066E14D /* Cell */,
				48A2C4832873671D0066E14D /* Extansion */,
				48A2C494287414670066E14D /* ViewControllers */,
				48A2C46B287350FD0066E14D /* AppDelegate.swift */,
				48A2C46D287350FD0066E14D /* SceneDelegate.swift */,
				48A2C474287350FE0066E14D /* Assets.xcassets */,
				48A2C476287350FE0066E14D /* LaunchScreen.storyboard */,
				48A2C479287350FE0066E14D /* Info.plist */,
			);
			path = iChat;
			sourceTree = "<group>";
		};
		48A2C4832873671D0066E14D /* Extansion */ = {
			isa = PBXGroup;
			children = (
				48A2C48B2873DA4F0066E14D /* UIKit */,
				48A2C48C2873DA770066E14D /* ButtonFromView.swift */,
				48A2C4922873F6AB0066E14D /* OneLineTextField.swift */,
				48A2C499287455890066E14D /* AddPhotoView.swift */,
				48A2C4AE28758E620066E14D /* GradientView.swift */,
				48A2C4B2287599CC0066E14D /* SectionHeader.swift */,
			);
			path = Extansion;
			sourceTree = "<group>";
		};
		48A2C48B2873DA4F0066E14D /* UIKit */ = {
			isa = PBXGroup;
			children = (
				48A2C47F287362B90066E14D /* UIButton + Extansion.swift */,
				48A2C481287366EC0066E14D /* UIFont + Extansion.swift */,
				48A2C4852873687F0066E14D /* UIColor + Extansion.swift */,
				48A2C48728736FE10066E14D /* UILabel + Extansion.swift */,
				48A2C489287372020066E14D /* UIImageView + Extansion.swift */,
				48A2C48E2873E6200066E14D /* UIStackView + Extansion.swift */,
				48A2C49B28749FC80066E14D /* UISegmentedControl + Extansion.swift */,
			);
			path = UIKit;
			sourceTree = "<group>";
		};
		48A2C494287414670066E14D /* ViewControllers */ = {
			isa = PBXGroup;
			children = (
				48A2C49F2874A9E90066E14D /* SignIn&Auth */,
				48A2C4A02874AA5D0066E14D /* MainTabBarController.swift */,
				48A2C49D2874A8420066E14D /* ListViewController.swift */,
				48A2C4A22874AAE60066E14D /* PeopleViewController.swift */,
			);
			path = ViewControllers;
			sourceTree = "<group>";
		};
		48A2C49F2874A9E90066E14D /* SignIn&Auth */ = {
			isa = PBXGroup;
			children = (
				48A2C4902873EDFF0066E14D /* SignUpViewController.swift */,
				48A2C46F287350FD0066E14D /* AuthViewController.swift */,
				48A2C495287414A30066E14D /* LoginViewController.swift */,
				48A2C49728744ECF0066E14D /* SetupProfileViewController.swift */,
			);
			path = "SignIn&Auth";
			sourceTree = "<group>";
		};
		48A2C4A42874BCE40066E14D /* Models */ = {
			isa = PBXGroup;
			children = (
				48A2C4A62874BD0C0066E14D /* MChat.swift */,
			);
			path = Models;
			sourceTree = "<group>";
		};
		48A2C4A828755BD60066E14D /* Cell */ = {
			isa = PBXGroup;
			children = (
				48A2C4AA28755BFF0066E14D /* ActiveChatCell.swift */,
				48A2C4B02875967D0066E14D /* WaitingChatCell.swift */,
				48A2C4AC28755E600066E14D /* ProtocolConfigurationCell.swift */,
			);
			path = Cell;
			sourceTree = "<group>";
		};
/* End PBXGroup section */

/* Begin PBXNativeTarget section */
		48A2C467287350FD0066E14D /* iChat */ = {
			isa = PBXNativeTarget;
			buildConfigurationList = 48A2C47C287350FE0066E14D /* Build configuration list for PBXNativeTarget "iChat" */;
			buildPhases = (
				48A2C464287350FD0066E14D /* Sources */,
				48A2C465287350FD0066E14D /* Frameworks */,
				48A2C466287350FD0066E14D /* Resources */,
			);
			buildRules = (
			);
			dependencies = (
			);
			name = iChat;
			productName = iChat;
			productReference = 48A2C468287350FD0066E14D /* iChat.app */;
			productType = "com.apple.product-type.application";
		};
/* End PBXNativeTarget section */

/* Begin PBXProject section */
		48A2C460287350FD0066E14D /* Project object */ = {
			isa = PBXProject;
			attributes = {
				BuildIndependentTargetsInParallel = 1;
				LastSwiftUpdateCheck = 1340;
				LastUpgradeCheck = 1340;
				TargetAttributes = {
					48A2C467287350FD0066E14D = {
						CreatedOnToolsVersion = 13.4.1;
					};
				};
			};
			buildConfigurationList = 48A2C463287350FD0066E14D /* Build configuration list for PBXProject "iChat" */;
			compatibilityVersion = "Xcode 13.0";
			developmentRegion = en;
			hasScannedForEncodings = 0;
			knownRegions = (
				en,
				Base,
			);
			mainGroup = 48A2C45F287350FD0066E14D;
			productRefGroup = 48A2C469287350FD0066E14D /* Products */;
			projectDirPath = "";
			projectRoot = "";
			targets = (
				48A2C467287350FD0066E14D /* iChat */,
			);
		};
/* End PBXProject section */

/* Begin PBXResourcesBuildPhase section */
		48A2C466287350FD0066E14D /* Resources */ = {
			isa = PBXResourcesBuildPhase;
			buildActionMask = 2147483647;
			files = (
				48A2C478287350FE0066E14D /* LaunchScreen.storyboard in Resources */,
				48A2C475287350FE0066E14D /* Assets.xcassets in Resources */,
			);
			runOnlyForDeploymentPostprocessing = 0;
		};
/* End PBXResourcesBuildPhase section */

/* Begin PBXSourcesBuildPhase section */
		48A2C464287350FD0066E14D /* Sources */ = {
			isa = PBXSourcesBuildPhase;
			buildActionMask = 2147483647;
			files = (
				48A2C49E2874A8420066E14D /* ListViewController.swift in Sources */,
				48A2C4AF28758E620066E14D /* GradientView.swift in Sources */,
				48A2C4B3287599CC0066E14D /* SectionHeader.swift in Sources */,
				48A2C4932873F6AB0066E14D /* OneLineTextField.swift in Sources */,
				48A2C4A12874AA5D0066E14D /* MainTabBarController.swift in Sources */,
				48A2C4912873EDFF0066E14D /* SignUpViewController.swift in Sources */,
				48A2C4AB28755BFF0066E14D /* ActiveChatCell.swift in Sources */,
				48A2C48A287372020066E14D /* UIImageView + Extansion.swift in Sources */,
				48A2C4A32874AAE60066E14D /* PeopleViewController.swift in Sources */,
				48A2C470287350FD0066E14D /* AuthViewController.swift in Sources */,
				48A2C49828744ED00066E14D /* SetupProfileViewController.swift in Sources */,
				48A2C46C287350FD0066E14D /* AppDelegate.swift in Sources */,
				48A2C482287366EC0066E14D /* UIFont + Extansion.swift in Sources */,
				48A2C49A287455890066E14D /* AddPhotoView.swift in Sources */,
				48A2C4A72874BD0C0066E14D /* MChat.swift in Sources */,
				48A2C48D2873DA770066E14D /* ButtonFromView.swift in Sources */,
				48A2C48F2873E6200066E14D /* UIStackView + Extansion.swift in Sources */,
				48A2C46E287350FD0066E14D /* SceneDelegate.swift in Sources */,
				48A2C4AD28755E600066E14D /* ProtocolConfigurationCell.swift in Sources */,
				48A2C480287362B90066E14D /* UIButton + Extansion.swift in Sources */,
				48A2C4B12875967D0066E14D /* WaitingChatCell.swift in Sources */,
				48A2C48828736FE10066E14D /* UILabel + Extansion.swift in Sources */,
				48A2C496287414A30066E14D /* LoginViewController.swift in Sources */,
				48A2C49C28749FC80066E14D /* UISegmentedControl + Extansion.swift in Sources */,
				48A2C4862873687F0066E14D /* UIColor + Extansion.swift in Sources */,
			);
			runOnlyForDeploymentPostprocessing = 0;
		};
/* End PBXSourcesBuildPhase section */

/* Begin PBXVariantGroup section */
		48A2C476287350FE0066E14D /* LaunchScreen.storyboard */ = {
			isa = PBXVariantGroup;
			children = (
				48A2C477287350FE0066E14D /* Base */,
			);
			name = LaunchScreen.storyboard;
			sourceTree = "<group>";
		};
/* End PBXVariantGroup section */

/* Begin XCBuildConfiguration section */
		48A2C47A287350FE0066E14D /* Debug */ = {
			isa = XCBuildConfiguration;
			buildSettings = {
				ALWAYS_SEARCH_USER_PATHS = NO;
				CLANG_ANALYZER_NONNULL = YES;
				CLANG_ANALYZER_NUMBER_OBJECT_CONVERSION = YES_AGGRESSIVE;
				CLANG_CXX_LANGUAGE_STANDARD = "gnu++17";
				CLANG_ENABLE_MODULES = YES;
				CLANG_ENABLE_OBJC_ARC = YES;
				CLANG_ENABLE_OBJC_WEAK = YES;
				CLANG_WARN_BLOCK_CAPTURE_AUTORELEASING = YES;
				CLANG_WARN_BOOL_CONVERSION = YES;
				CLANG_WARN_COMMA = YES;
				CLANG_WARN_CONSTANT_CONVERSION = YES;
				CLANG_WARN_DEPRECATED_OBJC_IMPLEMENTATIONS = YES;
				CLANG_WARN_DIRECT_OBJC_ISA_USAGE = YES_ERROR;
				CLANG_WARN_DOCUMENTATION_COMMENTS = YES;
				CLANG_WARN_EMPTY_BODY = YES;
				CLANG_WARN_ENUM_CONVERSION = YES;
				CLANG_WARN_INFINITE_RECURSION = YES;
				CLANG_WARN_INT_CONVERSION = YES;
				CLANG_WARN_NON_LITERAL_NULL_CONVERSION = YES;
				CLANG_WARN_OBJC_IMPLICIT_RETAIN_SELF = YES;
				CLANG_WARN_OBJC_LITERAL_CONVERSION = YES;
				CLANG_WARN_OBJC_ROOT_CLASS = YES_ERROR;
				CLANG_WARN_QUOTED_INCLUDE_IN_FRAMEWORK_HEADER = YES;
				CLANG_WARN_RANGE_LOOP_ANALYSIS = YES;
				CLANG_WARN_STRICT_PROTOTYPES = YES;
				CLANG_WARN_SUSPICIOUS_MOVE = YES;
				CLANG_WARN_UNGUARDED_AVAILABILITY = YES_AGGRESSIVE;
				CLANG_WARN_UNREACHABLE_CODE = YES;
				CLANG_WARN__DUPLICATE_METHOD_MATCH = YES;
				COPY_PHASE_STRIP = NO;
				DEBUG_INFORMATION_FORMAT = dwarf;
				ENABLE_STRICT_OBJC_MSGSEND = YES;
				ENABLE_TESTABILITY = YES;
				GCC_C_LANGUAGE_STANDARD = gnu11;
				GCC_DYNAMIC_NO_PIC = NO;
				GCC_NO_COMMON_BLOCKS = YES;
				GCC_OPTIMIZATION_LEVEL = 0;
				GCC_PREPROCESSOR_DEFINITIONS = (
					"DEBUG=1",
					"$(inherited)",
				);
				GCC_WARN_64_TO_32_BIT_CONVERSION = YES;
				GCC_WARN_ABOUT_RETURN_TYPE = YES_ERROR;
				GCC_WARN_UNDECLARED_SELECTOR = YES;
				GCC_WARN_UNINITIALIZED_AUTOS = YES_AGGRESSIVE;
				GCC_WARN_UNUSED_FUNCTION = YES;
				GCC_WARN_UNUSED_VARIABLE = YES;
				IPHONEOS_DEPLOYMENT_TARGET = 15.5;
				MTL_ENABLE_DEBUG_INFO = INCLUDE_SOURCE;
				MTL_FAST_MATH = YES;
				ONLY_ACTIVE_ARCH = YES;
				SDKROOT = iphoneos;
				SWIFT_ACTIVE_COMPILATION_CONDITIONS = DEBUG;
				SWIFT_OPTIMIZATION_LEVEL = "-Onone";
			};
			name = Debug;
		};
		48A2C47B287350FE0066E14D /* Release */ = {
			isa = XCBuildConfiguration;
			buildSettings = {
				ALWAYS_SEARCH_USER_PATHS = NO;
				CLANG_ANALYZER_NONNULL = YES;
				CLANG_ANALYZER_NUMBER_OBJECT_CONVERSION = YES_AGGRESSIVE;
				CLANG_CXX_LANGUAGE_STANDARD = "gnu++17";
				CLANG_ENABLE_MODULES = YES;
				CLANG_ENABLE_OBJC_ARC = YES;
				CLANG_ENABLE_OBJC_WEAK = YES;
				CLANG_WARN_BLOCK_CAPTURE_AUTORELEASING = YES;
				CLANG_WARN_BOOL_CONVERSION = YES;
				CLANG_WARN_COMMA = YES;
				CLANG_WARN_CONSTANT_CONVERSION = YES;
				CLANG_WARN_DEPRECATED_OBJC_IMPLEMENTATIONS = YES;
				CLANG_WARN_DIRECT_OBJC_ISA_USAGE = YES_ERROR;
				CLANG_WARN_DOCUMENTATION_COMMENTS = YES;
				CLANG_WARN_EMPTY_BODY = YES;
				CLANG_WARN_ENUM_CONVERSION = YES;
				CLANG_WARN_INFINITE_RECURSION = YES;
				CLANG_WARN_INT_CONVERSION = YES;
				CLANG_WARN_NON_LITERAL_NULL_CONVERSION = YES;
				CLANG_WARN_OBJC_IMPLICIT_RETAIN_SELF = YES;
				CLANG_WARN_OBJC_LITERAL_CONVERSION = YES;
				CLANG_WARN_OBJC_ROOT_CLASS = YES_ERROR;
				CLANG_WARN_QUOTED_INCLUDE_IN_FRAMEWORK_HEADER = YES;
				CLANG_WARN_RANGE_LOOP_ANALYSIS = YES;
				CLANG_WARN_STRICT_PROTOTYPES = YES;
				CLANG_WARN_SUSPICIOUS_MOVE = YES;
				CLANG_WARN_UNGUARDED_AVAILABILITY = YES_AGGRESSIVE;
				CLANG_WARN_UNREACHABLE_CODE = YES;
				CLANG_WARN__DUPLICATE_METHOD_MATCH = YES;
				COPY_PHASE_STRIP = NO;
				DEBUG_INFORMATION_FORMAT = "dwarf-with-dsym";
				ENABLE_NS_ASSERTIONS = NO;
				ENABLE_STRICT_OBJC_MSGSEND = YES;
				GCC_C_LANGUAGE_STANDARD = gnu11;
				GCC_NO_COMMON_BLOCKS = YES;
				GCC_WARN_64_TO_32_BIT_CONVERSION = YES;
				GCC_WARN_ABOUT_RETURN_TYPE = YES_ERROR;
				GCC_WARN_UNDECLARED_SELECTOR = YES;
				GCC_WARN_UNINITIALIZED_AUTOS = YES_AGGRESSIVE;
				GCC_WARN_UNUSED_FUNCTION = YES;
				GCC_WARN_UNUSED_VARIABLE = YES;
				IPHONEOS_DEPLOYMENT_TARGET = 15.5;
				MTL_ENABLE_DEBUG_INFO = NO;
				MTL_FAST_MATH = YES;
				SDKROOT = iphoneos;
				SWIFT_COMPILATION_MODE = wholemodule;
				SWIFT_OPTIMIZATION_LEVEL = "-O";
				VALIDATE_PRODUCT = YES;
			};
			name = Release;
		};
		48A2C47D287350FE0066E14D /* Debug */ = {
			isa = XCBuildConfiguration;
			buildSettings = {
				ASSETCATALOG_COMPILER_APPICON_NAME = AppIcon;
				ASSETCATALOG_COMPILER_GLOBAL_ACCENT_COLOR_NAME = AccentColor;
				CODE_SIGN_STYLE = Automatic;
				CURRENT_PROJECT_VERSION = 1;
				DEVELOPMENT_TEAM = 3557QUJ6JD;
				GENERATE_INFOPLIST_FILE = YES;
				INFOPLIST_FILE = iChat/Info.plist;
				INFOPLIST_KEY_UIApplicationSupportsIndirectInputEvents = YES;
				INFOPLIST_KEY_UILaunchStoryboardName = LaunchScreen;
				INFOPLIST_KEY_UISupportedInterfaceOrientations = "UIInterfaceOrientationPortrait UIInterfaceOrientationLandscapeLeft UIInterfaceOrientationLandscapeRight";
				INFOPLIST_KEY_UISupportedInterfaceOrientations_iPad = "UIInterfaceOrientationPortrait UIInterfaceOrientationPortraitUpsideDown UIInterfaceOrientationLandscapeLeft UIInterfaceOrientationLandscapeRight";
				INFOPLIST_KEY_UISupportedInterfaceOrientations_iPhone = "UIInterfaceOrientationPortrait UIInterfaceOrientationLandscapeLeft UIInterfaceOrientationLandscapeRight";
				LD_RUNPATH_SEARCH_PATHS = (
					"$(inherited)",
					"@executable_path/Frameworks",
				);
				MARKETING_VERSION = 1.0;
				PRODUCT_BUNDLE_IDENTIFIER = ru.Home.iChat;
				PRODUCT_NAME = "$(TARGET_NAME)";
				SWIFT_EMIT_LOC_STRINGS = YES;
				SWIFT_VERSION = 5.0;
				TARGETED_DEVICE_FAMILY = "1,2";
			};
			name = Debug;
		};
		48A2C47E287350FE0066E14D /* Release */ = {
			isa = XCBuildConfiguration;
			buildSettings = {
				ASSETCATALOG_COMPILER_APPICON_NAME = AppIcon;
				ASSETCATALOG_COMPILER_GLOBAL_ACCENT_COLOR_NAME = AccentColor;
				CODE_SIGN_STYLE = Automatic;
				CURRENT_PROJECT_VERSION = 1;
				DEVELOPMENT_TEAM = 3557QUJ6JD;
				GENERATE_INFOPLIST_FILE = YES;
				INFOPLIST_FILE = iChat/Info.plist;
				INFOPLIST_KEY_UIApplicationSupportsIndirectInputEvents = YES;
				INFOPLIST_KEY_UILaunchStoryboardName = LaunchScreen;
				INFOPLIST_KEY_UISupportedInterfaceOrientations = "UIInterfaceOrientationPortrait UIInterfaceOrientationLandscapeLeft UIInterfaceOrientationLandscapeRight";
				INFOPLIST_KEY_UISupportedInterfaceOrientations_iPad = "UIInterfaceOrientationPortrait UIInterfaceOrientationPortraitUpsideDown UIInterfaceOrientationLandscapeLeft UIInterfaceOrientationLandscapeRight";
				INFOPLIST_KEY_UISupportedInterfaceOrientations_iPhone = "UIInterfaceOrientationPortrait UIInterfaceOrientationLandscapeLeft UIInterfaceOrientationLandscapeRight";
				LD_RUNPATH_SEARCH_PATHS = (
					"$(inherited)",
					"@executable_path/Frameworks",
				);
				MARKETING_VERSION = 1.0;
				PRODUCT_BUNDLE_IDENTIFIER = ru.Home.iChat;
				PRODUCT_NAME = "$(TARGET_NAME)";
				SWIFT_EMIT_LOC_STRINGS = YES;
				SWIFT_VERSION = 5.0;
				TARGETED_DEVICE_FAMILY = "1,2";
			};
			name = Release;
		};
/* End XCBuildConfiguration section */

/* Begin XCConfigurationList section */
		48A2C463287350FD0066E14D /* Build configuration list for PBXProject "iChat" */ = {
			isa = XCConfigurationList;
			buildConfigurations = (
				48A2C47A287350FE0066E14D /* Debug */,
				48A2C47B287350FE0066E14D /* Release */,
			);
			defaultConfigurationIsVisible = 0;
			defaultConfigurationName = Release;
		};
		48A2C47C287350FE0066E14D /* Build configuration list for PBXNativeTarget "iChat" */ = {
			isa = XCConfigurationList;
			buildConfigurations = (
				48A2C47D287350FE0066E14D /* Debug */,
				48A2C47E287350FE0066E14D /* Release */,
			);
			defaultConfigurationIsVisible = 0;
			defaultConfigurationName = Release;
		};
/* End XCConfigurationList section */
	};
	rootObject = 48A2C460287350FD0066E14D /* Project object */;
}
