// !$*UTF8*$!
{
	archiveVersion = 1;
	classes = {
	};
	objectVersion = 55;
	objects = {

/* Begin PBXBuildFile section */
		48A2C46C287350FD0066E14D /* AppDelegate.swift in Sources */ = {isa = PBXBuildFile; fileRef = 48A2C46B287350FD0066E14D /* AppDelegate.swift */; };
		48A2C46E287350FD0066E14D /* SceneDelegate.swift in Sources */ = {isa = PBXBuildFile; fileRef = 48A2C46D287350FD0066E14D /* SceneDelegate.swift */; };
		48A2C470287350FD0066E14D /* AuthViewController.swift in Sources */ = {isa = PBXBuildFile; fileRef = 48A2C46F287350FD0066E14D /* AuthViewController.swift */; };
		48A2C475287350FE0066E14D /* Assets.xcassets in Resources */ = {isa = PBXBuildFile; fileRef = 48A2C474287350FE0066E14D /* Assets.xcassets */; };
		48A2C478287350FE0066E14D /* LaunchScreen.storyboard in Resources */ = {isa = PBXBuildFile; fileRef = 48A2C476287350FE0066E14D /* LaunchScreen.storyboard */; };
		48A2C480287362B90066E14D /* UIButton + Extansion.swift in Sources */ = {isa = PBXBuildFile; fileRef = 48A2C47F287362B90066E14D /* UIButton + Extansion.swift */; };
		48A2C482287366EC0066E14D /* UIFont + Extansion.swift in Sources */ = {isa = PBXBuildFile; fileRef = 48A2C481287366EC0066E14D /* UIFont + Extansion.swift */; };
		48A2C4862873687F0066E14D /* UIColor + Extansion.swift in Sources */ = {isa = PBXBuildFile; fileRef = 48A2C4852873687F0066E14D /* UIColor + Extansion.swift */; };
		48A2C48828736FE10066E14D /* UILabel + Extansion.swift in Sources */ = {isa = PBXBuildFile; fileRef = 48A2C48728736FE10066E14D /* UILabel + Extansion.swift */; };
		48A2C48A287372020066E14D /* UIImageView + Extansion.swift in Sources */ = {isa = PBXBuildFile; fileRef = 48A2C489287372020066E14D /* UIImageView + Extansion.swift */; };
		48A2C48D2873DA770066E14D /* ButtonFromView.swift in Sources */ = {isa = PBXBuildFile; fileRef = 48A2C48C2873DA770066E14D /* ButtonFromView.swift */; };
		48A2C48F2873E6200066E14D /* UIStackView + Extansion.swift in Sources */ = {isa = PBXBuildFile; fileRef = 48A2C48E2873E6200066E14D /* UIStackView + Extansion.swift */; };
		48A2C4912873EDFF0066E14D /* SignUpViewController.swift in Sources */ = {isa = PBXBuildFile; fileRef = 48A2C4902873EDFF0066E14D /* SignUpViewController.swift */; };
		48A2C4932873F6AB0066E14D /* OneLineTextField.swift in Sources */ = {isa = PBXBuildFile; fileRef = 48A2C4922873F6AB0066E14D /* OneLineTextField.swift */; };
		48A2C496287414A30066E14D /* LoginViewController.swift in Sources */ = {isa = PBXBuildFile; fileRef = 48A2C495287414A30066E14D /* LoginViewController.swift */; };
		48A2C49828744ED00066E14D /* SetupProfileViewController.swift in Sources */ = {isa = PBXBuildFile; fileRef = 48A2C49728744ECF0066E14D /* SetupProfileViewController.swift */; };
		48A2C49A287455890066E14D /* AddPhotoView.swift in Sources */ = {isa = PBXBuildFile; fileRef = 48A2C499287455890066E14D /* AddPhotoView.swift */; };
		48A2C49C28749FC80066E14D /* UISegmentedControl + Extansion.swift in Sources */ = {isa = PBXBuildFile; fileRef = 48A2C49B28749FC80066E14D /* UISegmentedControl + Extansion.swift */; };
		48A2C49E2874A8420066E14D /* ListViewController.swift in Sources */ = {isa = PBXBuildFile; fileRef = 48A2C49D2874A8420066E14D /* ListViewController.swift */; };
		48A2C4A12874AA5D0066E14D /* MainTabBarController.swift in Sources */ = {isa = PBXBuildFile; fileRef = 48A2C4A02874AA5D0066E14D /* MainTabBarController.swift */; };
		48A2C4A32874AAE60066E14D /* UsersViewController.swift in Sources */ = {isa = PBXBuildFile; fileRef = 48A2C4A22874AAE60066E14D /* UsersViewController.swift */; };
		48A2C4A72874BD0C0066E14D /* MChat.swift in Sources */ = {isa = PBXBuildFile; fileRef = 48A2C4A62874BD0C0066E14D /* MChat.swift */; };
		48A2C4AB28755BFF0066E14D /* ActiveChatCell.swift in Sources */ = {isa = PBXBuildFile; fileRef = 48A2C4AA28755BFF0066E14D /* ActiveChatCell.swift */; };
		48A2C4AD28755E600066E14D /* ProtocolConfigurationCell.swift in Sources */ = {isa = PBXBuildFile; fileRef = 48A2C4AC28755E600066E14D /* ProtocolConfigurationCell.swift */; };
		48A2C4AF28758E620066E14D /* GradientView.swift in Sources */ = {isa = PBXBuildFile; fileRef = 48A2C4AE28758E620066E14D /* GradientView.swift */; };
		48A2C4B12875967D0066E14D /* WaitingChatCell.swift in Sources */ = {isa = PBXBuildFile; fileRef = 48A2C4B02875967D0066E14D /* WaitingChatCell.swift */; };
		48A2C4B3287599CC0066E14D /* SectionHeader.swift in Sources */ = {isa = PBXBuildFile; fileRef = 48A2C4B2287599CC0066E14D /* SectionHeader.swift */; };
		48A2C4B52875BA0A0066E14D /* MUser.swift in Sources */ = {isa = PBXBuildFile; fileRef = 48A2C4B42875BA0A0066E14D /* MUser.swift */; };
		48A2C4B72875C7F60066E14D /* UserCell.swift in Sources */ = {isa = PBXBuildFile; fileRef = 48A2C4B62875C7F60066E14D /* UserCell.swift */; };
		48A2C4B92875CAEA0066E14D /* UIViewController + Extansion.swift in Sources */ = {isa = PBXBuildFile; fileRef = 48A2C4B82875CAEA0066E14D /* UIViewController + Extansion.swift */; };
		48A2C4BB2876E13E0066E14D /* ProfileViewController.swift in Sources */ = {isa = PBXBuildFile; fileRef = 48A2C4BA2876E13E0066E14D /* ProfileViewController.swift */; };
		48A2C4BD2876EF340066E14D /* InsertableTextField.swift in Sources */ = {isa = PBXBuildFile; fileRef = 48A2C4BC2876EF340066E14D /* InsertableTextField.swift */; };
		48A2C4BF2876F6840066E14D /* UIView + Extansion.swift in Sources */ = {isa = PBXBuildFile; fileRef = 48A2C4BE2876F6840066E14D /* UIView + Extansion.swift */; };
		48A2C4C1287708230066E14D /* RequestChatViewController.swift in Sources */ = {isa = PBXBuildFile; fileRef = 48A2C4C0287708230066E14D /* RequestChatViewController.swift */; };
		48A2C4C328770FED0066E14D /* GoogleService-Info.plist in Resources */ = {isa = PBXBuildFile; fileRef = 48A2C4C228770FED0066E14D /* GoogleService-Info.plist */; };
		48A2C4C62877202E0066E14D /* AuthServiceManager.swift in Sources */ = {isa = PBXBuildFile; fileRef = 48A2C4C52877202E0066E14D /* AuthServiceManager.swift */; };
		48A2C4C82877E49A0066E14D /* Validators.swift in Sources */ = {isa = PBXBuildFile; fileRef = 48A2C4C72877E49A0066E14D /* Validators.swift */; };
		48A2C4CA2877EA720066E14D /* AuthError.swift in Sources */ = {isa = PBXBuildFile; fileRef = 48A2C4C92877EA720066E14D /* AuthError.swift */; };
		48A2C4CD2877FB700066E14D /* ProtocolAuthNavigatingDelegate.swift in Sources */ = {isa = PBXBuildFile; fileRef = 48A2C4CC2877FB700066E14D /* ProtocolAuthNavigatingDelegate.swift */; };
		48A2C4CF287828A70066E14D /* FirestoreServiceManager.swift in Sources */ = {isa = PBXBuildFile; fileRef = 48A2C4CE287828A70066E14D /* FirestoreServiceManager.swift */; };
		48A2C4D1287839DC0066E14D /* UserError.swift in Sources */ = {isa = PBXBuildFile; fileRef = 48A2C4D0287839DC0066E14D /* UserError.swift */; };
		48A2C4D32878575A0066E14D /* UIApplication + Extansion.swift in Sources */ = {isa = PBXBuildFile; fileRef = 48A2C4D22878575A0066E14D /* UIApplication + Extansion.swift */; };
		BDDDD3DEF014CE44C02A82D9 /* Pods_iChat.framework in Frameworks */ = {isa = PBXBuildFile; fileRef = 114586B2CBF10CDD2EB5A5CA /* Pods_iChat.framework */; };
/* End PBXBuildFile section */

/* Begin PBXFileReference section */
		114586B2CBF10CDD2EB5A5CA /* Pods_iChat.framework */ = {isa = PBXFileReference; explicitFileType = wrapper.framework; includeInIndex = 0; path = Pods_iChat.framework; sourceTree = BUILT_PRODUCTS_DIR; };
		48A2C468287350FD0066E14D /* iChat.app */ = {isa = PBXFileReference; explicitFileType = wrapper.application; includeInIndex = 0; path = iChat.app; sourceTree = BUILT_PRODUCTS_DIR; };
		48A2C46B287350FD0066E14D /* AppDelegate.swift */ = {isa = PBXFileReference; lastKnownFileType = sourcecode.swift; path = AppDelegate.swift; sourceTree = "<group>"; };
		48A2C46D287350FD0066E14D /* SceneDelegate.swift */ = {isa = PBXFileReference; lastKnownFileType = sourcecode.swift; path = SceneDelegate.swift; sourceTree = "<group>"; };
		48A2C46F287350FD0066E14D /* AuthViewController.swift */ = {isa = PBXFileReference; lastKnownFileType = sourcecode.swift; path = AuthViewController.swift; sourceTree = "<group>"; };
		48A2C474287350FE0066E14D /* Assets.xcassets */ = {isa = PBXFileReference; lastKnownFileType = folder.assetcatalog; path = Assets.xcassets; sourceTree = "<group>"; };
		48A2C477287350FE0066E14D /* Base */ = {isa = PBXFileReference; lastKnownFileType = file.storyboard; name = Base; path = Base.lproj/LaunchScreen.storyboard; sourceTree = "<group>"; };
		48A2C479287350FE0066E14D /* Info.plist */ = {isa = PBXFileReference; lastKnownFileType = text.plist.xml; path = Info.plist; sourceTree = "<group>"; };
		48A2C47F287362B90066E14D /* UIButton + Extansion.swift */ = {isa = PBXFileReference; lastKnownFileType = sourcecode.swift; path = "UIButton + Extansion.swift"; sourceTree = "<group>"; };
		48A2C481287366EC0066E14D /* UIFont + Extansion.swift */ = {isa = PBXFileReference; lastKnownFileType = sourcecode.swift; path = "UIFont + Extansion.swift"; sourceTree = "<group>"; };
		48A2C4852873687F0066E14D /* UIColor + Extansion.swift */ = {isa = PBXFileReference; lastKnownFileType = sourcecode.swift; path = "UIColor + Extansion.swift"; sourceTree = "<group>"; };
		48A2C48728736FE10066E14D /* UILabel + Extansion.swift */ = {isa = PBXFileReference; lastKnownFileType = sourcecode.swift; path = "UILabel + Extansion.swift"; sourceTree = "<group>"; };
		48A2C489287372020066E14D /* UIImageView + Extansion.swift */ = {isa = PBXFileReference; lastKnownFileType = sourcecode.swift; path = "UIImageView + Extansion.swift"; sourceTree = "<group>"; };
		48A2C48C2873DA770066E14D /* ButtonFromView.swift */ = {isa = PBXFileReference; lastKnownFileType = sourcecode.swift; path = ButtonFromView.swift; sourceTree = "<group>"; };
		48A2C48E2873E6200066E14D /* UIStackView + Extansion.swift */ = {isa = PBXFileReference; lastKnownFileType = sourcecode.swift; path = "UIStackView + Extansion.swift"; sourceTree = "<group>"; };
		48A2C4902873EDFF0066E14D /* SignUpViewController.swift */ = {isa = PBXFileReference; lastKnownFileType = sourcecode.swift; path = SignUpViewController.swift; sourceTree = "<group>"; };
		48A2C4922873F6AB0066E14D /* OneLineTextField.swift */ = {isa = PBXFileReference; lastKnownFileType = sourcecode.swift; path = OneLineTextField.swift; sourceTree = "<group>"; };
		48A2C495287414A30066E14D /* LoginViewController.swift */ = {isa = PBXFileReference; lastKnownFileType = sourcecode.swift; path = LoginViewController.swift; sourceTree = "<group>"; };
		48A2C49728744ECF0066E14D /* SetupProfileViewController.swift */ = {isa = PBXFileReference; lastKnownFileType = sourcecode.swift; path = SetupProfileViewController.swift; sourceTree = "<group>"; };
		48A2C499287455890066E14D /* AddPhotoView.swift */ = {isa = PBXFileReference; lastKnownFileType = sourcecode.swift; path = AddPhotoView.swift; sourceTree = "<group>"; };
		48A2C49B28749FC80066E14D /* UISegmentedControl + Extansion.swift */ = {isa = PBXFileReference; lastKnownFileType = sourcecode.swift; path = "UISegmentedControl + Extansion.swift"; sourceTree = "<group>"; };
		48A2C49D2874A8420066E14D /* ListViewController.swift */ = {isa = PBXFileReference; lastKnownFileType = sourcecode.swift; path = ListViewController.swift; sourceTree = "<group>"; };
		48A2C4A02874AA5D0066E14D /* MainTabBarController.swift */ = {isa = PBXFileReference; lastKnownFileType = sourcecode.swift; path = MainTabBarController.swift; sourceTree = "<group>"; };
		48A2C4A22874AAE60066E14D /* UsersViewController.swift */ = {isa = PBXFileReference; lastKnownFileType = sourcecode.swift; path = UsersViewController.swift; sourceTree = "<group>"; };
		48A2C4A62874BD0C0066E14D /* MChat.swift */ = {isa = PBXFileReference; lastKnownFileType = sourcecode.swift; path = MChat.swift; sourceTree = "<group>"; };
		48A2C4AA28755BFF0066E14D /* ActiveChatCell.swift */ = {isa = PBXFileReference; lastKnownFileType = sourcecode.swift; path = ActiveChatCell.swift; sourceTree = "<group>"; };
		48A2C4AC28755E600066E14D /* ProtocolConfigurationCell.swift */ = {isa = PBXFileReference; lastKnownFileType = sourcecode.swift; path = ProtocolConfigurationCell.swift; sourceTree = "<group>"; };
		48A2C4AE28758E620066E14D /* GradientView.swift */ = {isa = PBXFileReference; lastKnownFileType = sourcecode.swift; path = GradientView.swift; sourceTree = "<group>"; };
		48A2C4B02875967D0066E14D /* WaitingChatCell.swift */ = {isa = PBXFileReference; lastKnownFileType = sourcecode.swift; path = WaitingChatCell.swift; sourceTree = "<group>"; };
		48A2C4B2287599CC0066E14D /* SectionHeader.swift */ = {isa = PBXFileReference; lastKnownFileType = sourcecode.swift; path = SectionHeader.swift; sourceTree = "<group>"; };
		48A2C4B42875BA0A0066E14D /* MUser.swift */ = {isa = PBXFileReference; lastKnownFileType = sourcecode.swift; path = MUser.swift; sourceTree = "<group>"; };
		48A2C4B62875C7F60066E14D /* UserCell.swift */ = {isa = PBXFileReference; lastKnownFileType = sourcecode.swift; path = UserCell.swift; sourceTree = "<group>"; };
		48A2C4B82875CAEA0066E14D /* UIViewController + Extansion.swift */ = {isa = PBXFileReference; lastKnownFileType = sourcecode.swift; path = "UIViewController + Extansion.swift"; sourceTree = "<group>"; };
		48A2C4BA2876E13E0066E14D /* ProfileViewController.swift */ = {isa = PBXFileReference; lastKnownFileType = sourcecode.swift; path = ProfileViewController.swift; sourceTree = "<group>"; };
		48A2C4BC2876EF340066E14D /* InsertableTextField.swift */ = {isa = PBXFileReference; lastKnownFileType = sourcecode.swift; path = InsertableTextField.swift; sourceTree = "<group>"; };
		48A2C4BE2876F6840066E14D /* UIView + Extansion.swift */ = {isa = PBXFileReference; lastKnownFileType = sourcecode.swift; path = "UIView + Extansion.swift"; sourceTree = "<group>"; };
		48A2C4C0287708230066E14D /* RequestChatViewController.swift */ = {isa = PBXFileReference; lastKnownFileType = sourcecode.swift; path = RequestChatViewController.swift; sourceTree = "<group>"; };
		48A2C4C228770FED0066E14D /* GoogleService-Info.plist */ = {isa = PBXFileReference; fileEncoding = 4; lastKnownFileType = text.plist.xml; path = "GoogleService-Info.plist"; sourceTree = "<group>"; };
		48A2C4C52877202E0066E14D /* AuthServiceManager.swift */ = {isa = PBXFileReference; lastKnownFileType = sourcecode.swift; path = AuthServiceManager.swift; sourceTree = "<group>"; };
		48A2C4C72877E49A0066E14D /* Validators.swift */ = {isa = PBXFileReference; lastKnownFileType = sourcecode.swift; path = Validators.swift; sourceTree = "<group>"; };
		48A2C4C92877EA720066E14D /* AuthError.swift */ = {isa = PBXFileReference; lastKnownFileType = sourcecode.swift; path = AuthError.swift; sourceTree = "<group>"; };
		48A2C4CC2877FB700066E14D /* ProtocolAuthNavigatingDelegate.swift */ = {isa = PBXFileReference; lastKnownFileType = sourcecode.swift; path = ProtocolAuthNavigatingDelegate.swift; sourceTree = "<group>"; };
		48A2C4CE287828A70066E14D /* FirestoreServiceManager.swift */ = {isa = PBXFileReference; lastKnownFileType = sourcecode.swift; path = FirestoreServiceManager.swift; sourceTree = "<group>"; };
		48A2C4D0287839DC0066E14D /* UserError.swift */ = {isa = PBXFileReference; lastKnownFileType = sourcecode.swift; path = UserError.swift; sourceTree = "<group>"; };
		48A2C4D22878575A0066E14D /* UIApplication + Extansion.swift */ = {isa = PBXFileReference; fileEncoding = 4; lastKnownFileType = sourcecode.swift; path = "UIApplication + Extansion.swift"; sourceTree = "<group>"; };
		638467E4D1C956EFE516B3D0 /* Pods-iChat.release.xcconfig */ = {isa = PBXFileReference; includeInIndex = 1; lastKnownFileType = text.xcconfig; name = "Pods-iChat.release.xcconfig"; path = "Target Support Files/Pods-iChat/Pods-iChat.release.xcconfig"; sourceTree = "<group>"; };
		FCBEAAB1AD3B1D8602FB8BB6 /* Pods-iChat.debug.xcconfig */ = {isa = PBXFileReference; includeInIndex = 1; lastKnownFileType = text.xcconfig; name = "Pods-iChat.debug.xcconfig"; path = "Target Support Files/Pods-iChat/Pods-iChat.debug.xcconfig"; sourceTree = "<group>"; };
/* End PBXFileReference section */

/* Begin PBXFrameworksBuildPhase section */
		48A2C465287350FD0066E14D /* Frameworks */ = {
			isa = PBXFrameworksBuildPhase;
			buildActionMask = 2147483647;
			files = (
				BDDDD3DEF014CE44C02A82D9 /* Pods_iChat.framework in Frameworks */,
			);
			runOnlyForDeploymentPostprocessing = 0;
		};
/* End PBXFrameworksBuildPhase section */

/* Begin PBXGroup section */
		48A2C45F287350FD0066E14D = {
			isa = PBXGroup;
			children = (
				48A2C46A287350FD0066E14D /* iChat */,
				48A2C469287350FD0066E14D /* Products */,
				7443686FD406AF0ED4ACB21E /* Pods */,
				F7D47593916BF2E56C3784EC /* Frameworks */,
			);
			sourceTree = "<group>";
		};
		48A2C469287350FD0066E14D /* Products */ = {
			isa = PBXGroup;
			children = (
				48A2C468287350FD0066E14D /* iChat.app */,
			);
			name = Products;
			sourceTree = "<group>";
		};
		48A2C46A287350FD0066E14D /* iChat */ = {
			isa = PBXGroup;
			children = (
				48A2C4CB2877FB190066E14D /* Protocols */,
				48A2C4C428771FEB0066E14D /* ServiceManager */,
				48A2C4A42874BCE40066E14D /* Models */,
				48A2C4A828755BD60066E14D /* Cell */,
				48A2C4832873671D0066E14D /* Extansion */,
				48A2C494287414670066E14D /* ViewControllers */,
				48A2C46B287350FD0066E14D /* AppDelegate.swift */,
				48A2C46D287350FD0066E14D /* SceneDelegate.swift */,
				48A2C474287350FE0066E14D /* Assets.xcassets */,
				48A2C476287350FE0066E14D /* LaunchScreen.storyboard */,
				48A2C479287350FE0066E14D /* Info.plist */,
				48A2C4C228770FED0066E14D /* GoogleService-Info.plist */,
			);
			path = iChat;
			sourceTree = "<group>";
		};
		48A2C4832873671D0066E14D /* Extansion */ = {
			isa = PBXGroup;
			children = (
				48A2C48B2873DA4F0066E14D /* UIKit */,
				48A2C48C2873DA770066E14D /* ButtonFromView.swift */,
				48A2C4922873F6AB0066E14D /* OneLineTextField.swift */,
				48A2C499287455890066E14D /* AddPhotoView.swift */,
				48A2C4AE28758E620066E14D /* GradientView.swift */,
				48A2C4B2287599CC0066E14D /* SectionHeader.swift */,
				48A2C4BC2876EF340066E14D /* InsertableTextField.swift */,
			);
			path = Extansion;
			sourceTree = "<group>";
		};
		48A2C48B2873DA4F0066E14D /* UIKit */ = {
			isa = PBXGroup;
			children = (
				48A2C4D22878575A0066E14D /* UIApplication + Extansion.swift */,
				48A2C47F287362B90066E14D /* UIButton + Extansion.swift */,
				48A2C481287366EC0066E14D /* UIFont + Extansion.swift */,
				48A2C4852873687F0066E14D /* UIColor + Extansion.swift */,
				48A2C48728736FE10066E14D /* UILabel + Extansion.swift */,
				48A2C489287372020066E14D /* UIImageView + Extansion.swift */,
				48A2C48E2873E6200066E14D /* UIStackView + Extansion.swift */,
				48A2C49B28749FC80066E14D /* UISegmentedControl + Extansion.swift */,
				48A2C4B82875CAEA0066E14D /* UIViewController + Extansion.swift */,
				48A2C4BE2876F6840066E14D /* UIView + Extansion.swift */,
			);
			path = UIKit;
			sourceTree = "<group>";
		};
		48A2C494287414670066E14D /* ViewControllers */ = {
			isa = PBXGroup;
			children = (
				48A2C49F2874A9E90066E14D /* SignIn&Auth */,
				48A2C4A02874AA5D0066E14D /* MainTabBarController.swift */,
				48A2C49D2874A8420066E14D /* ListViewController.swift */,
				48A2C4A22874AAE60066E14D /* UsersViewController.swift */,
				48A2C4BA2876E13E0066E14D /* ProfileViewController.swift */,
				48A2C4C0287708230066E14D /* RequestChatViewController.swift */,
			);
			path = ViewControllers;
			sourceTree = "<group>";
		};
		48A2C49F2874A9E90066E14D /* SignIn&Auth */ = {
			isa = PBXGroup;
			children = (
				48A2C46F287350FD0066E14D /* AuthViewController.swift */,
				48A2C4902873EDFF0066E14D /* SignUpViewController.swift */,
				48A2C495287414A30066E14D /* LoginViewController.swift */,
				48A2C49728744ECF0066E14D /* SetupProfileViewController.swift */,
			);
			path = "SignIn&Auth";
			sourceTree = "<group>";
		};
		48A2C4A42874BCE40066E14D /* Models */ = {
			isa = PBXGroup;
			children = (
				48A2C4A62874BD0C0066E14D /* MChat.swift */,
				48A2C4B42875BA0A0066E14D /* MUser.swift */,
			);
			path = Models;
			sourceTree = "<group>";
		};
		48A2C4A828755BD60066E14D /* Cell */ = {
			isa = PBXGroup;
			children = (
				48A2C4AA28755BFF0066E14D /* ActiveChatCell.swift */,
				48A2C4B02875967D0066E14D /* WaitingChatCell.swift */,
				48A2C4B62875C7F60066E14D /* UserCell.swift */,
			);
			path = Cell;
			sourceTree = "<group>";
		};
		48A2C4C428771FEB0066E14D /* ServiceManager */ = {
			isa = PBXGroup;
			children = (
				48A2C4C52877202E0066E14D /* AuthServiceManager.swift */,
				48A2C4C72877E49A0066E14D /* Validators.swift */,
				48A2C4C92877EA720066E14D /* AuthError.swift */,
				48A2C4D0287839DC0066E14D /* UserError.swift */,
				48A2C4CE287828A70066E14D /* FirestoreServiceManager.swift */,
			);
			path = ServiceManager;
			sourceTree = "<group>";
		};
		48A2C4CB2877FB190066E14D /* Protocols */ = {
			isa = PBXGroup;
			children = (
				48A2C4AC28755E600066E14D /* ProtocolConfigurationCell.swift */,
				48A2C4CC2877FB700066E14D /* ProtocolAuthNavigatingDelegate.swift */,
			);
			path = Protocols;
			sourceTree = "<group>";
		};
		7443686FD406AF0ED4ACB21E /* Pods */ = {
			isa = PBXGroup;
			children = (
				FCBEAAB1AD3B1D8602FB8BB6 /* Pods-iChat.debug.xcconfig */,
				638467E4D1C956EFE516B3D0 /* Pods-iChat.release.xcconfig */,
			);
			path = Pods;
			sourceTree = "<group>";
		};
		F7D47593916BF2E56C3784EC /* Frameworks */ = {
			isa = PBXGroup;
			children = (
				114586B2CBF10CDD2EB5A5CA /* Pods_iChat.framework */,
			);
			name = Frameworks;
			sourceTree = "<group>";
		};
/* End PBXGroup section */

/* Begin PBXNativeTarget section */
		48A2C467287350FD0066E14D /* iChat */ = {
			isa = PBXNativeTarget;
			buildConfigurationList = 48A2C47C287350FE0066E14D /* Build configuration list for PBXNativeTarget "iChat" */;
			buildPhases = (
				9966362163EB507248827FBF /* [CP] Check Pods Manifest.lock */,
				48A2C464287350FD0066E14D /* Sources */,
				48A2C465287350FD0066E14D /* Frameworks */,
				48A2C466287350FD0066E14D /* Resources */,
				921B6D6A4AEA64E40F57EB90 /* [CP] Embed Pods Frameworks */,
			);
			buildRules = (
			);
			dependencies = (
			);
			name = iChat;
			productName = iChat;
			productReference = 48A2C468287350FD0066E14D /* iChat.app */;
			productType = "com.apple.product-type.application";
		};
/* End PBXNativeTarget section */

/* Begin PBXProject section */
		48A2C460287350FD0066E14D /* Project object */ = {
			isa = PBXProject;
			attributes = {
				BuildIndependentTargetsInParallel = 1;
				LastSwiftUpdateCheck = 1340;
				LastUpgradeCheck = 1340;
				TargetAttributes = {
					48A2C467287350FD0066E14D = {
						CreatedOnToolsVersion = 13.4.1;
					};
				};
			};
			buildConfigurationList = 48A2C463287350FD0066E14D /* Build configuration list for PBXProject "iChat" */;
			compatibilityVersion = "Xcode 13.0";
			developmentRegion = en;
			hasScannedForEncodings = 0;
			knownRegions = (
				en,
				Base,
			);
			mainGroup = 48A2C45F287350FD0066E14D;
			productRefGroup = 48A2C469287350FD0066E14D /* Products */;
			projectDirPath = "";
			projectRoot = "";
			targets = (
				48A2C467287350FD0066E14D /* iChat */,
			);
		};
/* End PBXProject section */

/* Begin PBXResourcesBuildPhase section */
		48A2C466287350FD0066E14D /* Resources */ = {
			isa = PBXResourcesBuildPhase;
			buildActionMask = 2147483647;
			files = (
				48A2C478287350FE0066E14D /* LaunchScreen.storyboard in Resources */,
				48A2C475287350FE0066E14D /* Assets.xcassets in Resources */,
				48A2C4C328770FED0066E14D /* GoogleService-Info.plist in Resources */,
			);
			runOnlyForDeploymentPostprocessing = 0;
		};
/* End PBXResourcesBuildPhase section */

/* Begin PBXShellScriptBuildPhase section */
		921B6D6A4AEA64E40F57EB90 /* [CP] Embed Pods Frameworks */ = {
			isa = PBXShellScriptBuildPhase;
			buildActionMask = 2147483647;
			files = (
			);
			inputFileListPaths = (
				"${PODS_ROOT}/Target Support Files/Pods-iChat/Pods-iChat-frameworks-${CONFIGURATION}-input-files.xcfilelist",
			);
			name = "[CP] Embed Pods Frameworks";
			outputFileListPaths = (
				"${PODS_ROOT}/Target Support Files/Pods-iChat/Pods-iChat-frameworks-${CONFIGURATION}-output-files.xcfilelist",
			);
			runOnlyForDeploymentPostprocessing = 0;
			shellPath = /bin/sh;
			shellScript = "\"${PODS_ROOT}/Target Support Files/Pods-iChat/Pods-iChat-frameworks.sh\"\n";
			showEnvVarsInLog = 0;
		};
		9966362163EB507248827FBF /* [CP] Check Pods Manifest.lock */ = {
			isa = PBXShellScriptBuildPhase;
			buildActionMask = 2147483647;
			files = (
			);
			inputFileListPaths = (
			);
			inputPaths = (
				"${PODS_PODFILE_DIR_PATH}/Podfile.lock",
				"${PODS_ROOT}/Manifest.lock",
			);
			name = "[CP] Check Pods Manifest.lock";
			outputFileListPaths = (
			);
			outputPaths = (
				"$(DERIVED_FILE_DIR)/Pods-iChat-checkManifestLockResult.txt",
			);
			runOnlyForDeploymentPostprocessing = 0;
			shellPath = /bin/sh;
			shellScript = "diff \"${PODS_PODFILE_DIR_PATH}/Podfile.lock\" \"${PODS_ROOT}/Manifest.lock\" > /dev/null\nif [ $? != 0 ] ; then\n    # print error to STDERR\n    echo \"error: The sandbox is not in sync with the Podfile.lock. Run 'pod install' or update your CocoaPods installation.\" >&2\n    exit 1\nfi\n# This output is used by Xcode 'outputs' to avoid re-running this script phase.\necho \"SUCCESS\" > \"${SCRIPT_OUTPUT_FILE_0}\"\n";
			showEnvVarsInLog = 0;
		};
/* End PBXShellScriptBuildPhase section */

/* Begin PBXSourcesBuildPhase section */
		48A2C464287350FD0066E14D /* Sources */ = {
			isa = PBXSourcesBuildPhase;
			buildActionMask = 2147483647;
			files = (
				48A2C49E2874A8420066E14D /* ListViewController.swift in Sources */,
				48A2C4AF28758E620066E14D /* GradientView.swift in Sources */,
				48A2C4C1287708230066E14D /* RequestChatViewController.swift in Sources */,
				48A2C4D1287839DC0066E14D /* UserError.swift in Sources */,
				48A2C4B3287599CC0066E14D /* SectionHeader.swift in Sources */,
				48A2C4932873F6AB0066E14D /* OneLineTextField.swift in Sources */,
				48A2C4BD2876EF340066E14D /* InsertableTextField.swift in Sources */,
				48A2C4CD2877FB700066E14D /* ProtocolAuthNavigatingDelegate.swift in Sources */,
				48A2C4A12874AA5D0066E14D /* MainTabBarController.swift in Sources */,
				48A2C4B72875C7F60066E14D /* UserCell.swift in Sources */,
				48A2C4912873EDFF0066E14D /* SignUpViewController.swift in Sources */,
				48A2C4B52875BA0A0066E14D /* MUser.swift in Sources */,
				48A2C4AB28755BFF0066E14D /* ActiveChatCell.swift in Sources */,
				48A2C48A287372020066E14D /* UIImageView + Extansion.swift in Sources */,
				48A2C4A32874AAE60066E14D /* UsersViewController.swift in Sources */,
				48A2C470287350FD0066E14D /* AuthViewController.swift in Sources */,
				48A2C49828744ED00066E14D /* SetupProfileViewController.swift in Sources */,
				48A2C4BF2876F6840066E14D /* UIView + Extansion.swift in Sources */,
				48A2C4BB2876E13E0066E14D /* ProfileViewController.swift in Sources */,
				48A2C46C287350FD0066E14D /* AppDelegate.swift in Sources */,
				48A2C482287366EC0066E14D /* UIFont + Extansion.swift in Sources */,
				48A2C49A287455890066E14D /* AddPhotoView.swift in Sources */,
				48A2C4A72874BD0C0066E14D /* MChat.swift in Sources */,
				48A2C48D2873DA770066E14D /* ButtonFromView.swift in Sources */,
				48A2C4CF287828A70066E14D /* FirestoreServiceManager.swift in Sources */,
				48A2C48F2873E6200066E14D /* UIStackView + Extansion.swift in Sources */,
				48A2C46E287350FD0066E14D /* SceneDelegate.swift in Sources */,
				48A2C4AD28755E600066E14D /* ProtocolConfigurationCell.swift in Sources */,
				48A2C480287362B90066E14D /* UIButton + Extansion.swift in Sources */,
				48A2C4C82877E49A0066E14D /* Validators.swift in Sources */,
				48A2C4B92875CAEA0066E14D /* UIViewController + Extansion.swift in Sources */,
				48A2C4B12875967D0066E14D /* WaitingChatCell.swift in Sources */,
				48A2C48828736FE10066E14D /* UILabel + Extansion.swift in Sources */,
				48A2C496287414A30066E14D /* LoginViewController.swift in Sources */,
				48A2C49C28749FC80066E14D /* UISegmentedControl + Extansion.swift in Sources */,
				48A2C4D32878575A0066E14D /* UIApplication + Extansion.swift in Sources */,
				48A2C4862873687F0066E14D /* UIColor + Extansion.swift in Sources */,
				48A2C4C62877202E0066E14D /* AuthServiceManager.swift in Sources */,
				48A2C4CA2877EA720066E14D /* AuthError.swift in Sources */,
			);
			runOnlyForDeploymentPostprocessing = 0;
		};
/* End PBXSourcesBuildPhase section */

/* Begin PBXVariantGroup section */
		48A2C476287350FE0066E14D /* LaunchScreen.storyboard */ = {
			isa = PBXVariantGroup;
			children = (
				48A2C477287350FE0066E14D /* Base */,
			);
			name = LaunchScreen.storyboard;
			sourceTree = "<group>";
		};
/* End PBXVariantGroup section */

/* Begin XCBuildConfiguration section */
		48A2C47A287350FE0066E14D /* Debug */ = {
			isa = XCBuildConfiguration;
			buildSettings = {
				ALWAYS_SEARCH_USER_PATHS = NO;
				CLANG_ANALYZER_NONNULL = YES;
				CLANG_ANALYZER_NUMBER_OBJECT_CONVERSION = YES_AGGRESSIVE;
				CLANG_CXX_LANGUAGE_STANDARD = "gnu++17";
				CLANG_ENABLE_MODULES = YES;
				CLANG_ENABLE_OBJC_ARC = YES;
				CLANG_ENABLE_OBJC_WEAK = YES;
				CLANG_WARN_BLOCK_CAPTURE_AUTORELEASING = YES;
				CLANG_WARN_BOOL_CONVERSION = YES;
				CLANG_WARN_COMMA = YES;
				CLANG_WARN_CONSTANT_CONVERSION = YES;
				CLANG_WARN_DEPRECATED_OBJC_IMPLEMENTATIONS = YES;
				CLANG_WARN_DIRECT_OBJC_ISA_USAGE = YES_ERROR;
				CLANG_WARN_DOCUMENTATION_COMMENTS = YES;
				CLANG_WARN_EMPTY_BODY = YES;
				CLANG_WARN_ENUM_CONVERSION = YES;
				CLANG_WARN_INFINITE_RECURSION = YES;
				CLANG_WARN_INT_CONVERSION = YES;
				CLANG_WARN_NON_LITERAL_NULL_CONVERSION = YES;
				CLANG_WARN_OBJC_IMPLICIT_RETAIN_SELF = YES;
				CLANG_WARN_OBJC_LITERAL_CONVERSION = YES;
				CLANG_WARN_OBJC_ROOT_CLASS = YES_ERROR;
				CLANG_WARN_QUOTED_INCLUDE_IN_FRAMEWORK_HEADER = YES;
				CLANG_WARN_RANGE_LOOP_ANALYSIS = YES;
				CLANG_WARN_STRICT_PROTOTYPES = YES;
				CLANG_WARN_SUSPICIOUS_MOVE = YES;
				CLANG_WARN_UNGUARDED_AVAILABILITY = YES_AGGRESSIVE;
				CLANG_WARN_UNREACHABLE_CODE = YES;
				CLANG_WARN__DUPLICATE_METHOD_MATCH = YES;
				COPY_PHASE_STRIP = NO;
				DEBUG_INFORMATION_FORMAT = dwarf;
				ENABLE_STRICT_OBJC_MSGSEND = YES;
				ENABLE_TESTABILITY = YES;
				GCC_C_LANGUAGE_STANDARD = gnu11;
				GCC_DYNAMIC_NO_PIC = NO;
				GCC_NO_COMMON_BLOCKS = YES;
				GCC_OPTIMIZATION_LEVEL = 0;
				GCC_PREPROCESSOR_DEFINITIONS = (
					"DEBUG=1",
					"$(inherited)",
				);
				GCC_WARN_64_TO_32_BIT_CONVERSION = YES;
				GCC_WARN_ABOUT_RETURN_TYPE = YES_ERROR;
				GCC_WARN_UNDECLARED_SELECTOR = YES;
				GCC_WARN_UNINITIALIZED_AUTOS = YES_AGGRESSIVE;
				GCC_WARN_UNUSED_FUNCTION = YES;
				GCC_WARN_UNUSED_VARIABLE = YES;
				IPHONEOS_DEPLOYMENT_TARGET = 15.5;
				MTL_ENABLE_DEBUG_INFO = INCLUDE_SOURCE;
				MTL_FAST_MATH = YES;
				ONLY_ACTIVE_ARCH = YES;
				SDKROOT = iphoneos;
				SWIFT_ACTIVE_COMPILATION_CONDITIONS = DEBUG;
				SWIFT_OPTIMIZATION_LEVEL = "-Onone";
			};
			name = Debug;
		};
		48A2C47B287350FE0066E14D /* Release */ = {
			isa = XCBuildConfiguration;
			buildSettings = {
				ALWAYS_SEARCH_USER_PATHS = NO;
				CLANG_ANALYZER_NONNULL = YES;
				CLANG_ANALYZER_NUMBER_OBJECT_CONVERSION = YES_AGGRESSIVE;
				CLANG_CXX_LANGUAGE_STANDARD = "gnu++17";
				CLANG_ENABLE_MODULES = YES;
				CLANG_ENABLE_OBJC_ARC = YES;
				CLANG_ENABLE_OBJC_WEAK = YES;
				CLANG_WARN_BLOCK_CAPTURE_AUTORELEASING = YES;
				CLANG_WARN_BOOL_CONVERSION = YES;
				CLANG_WARN_COMMA = YES;
				CLANG_WARN_CONSTANT_CONVERSION = YES;
				CLANG_WARN_DEPRECATED_OBJC_IMPLEMENTATIONS = YES;
				CLANG_WARN_DIRECT_OBJC_ISA_USAGE = YES_ERROR;
				CLANG_WARN_DOCUMENTATION_COMMENTS = YES;
				CLANG_WARN_EMPTY_BODY = YES;
				CLANG_WARN_ENUM_CONVERSION = YES;
				CLANG_WARN_INFINITE_RECURSION = YES;
				CLANG_WARN_INT_CONVERSION = YES;
				CLANG_WARN_NON_LITERAL_NULL_CONVERSION = YES;
				CLANG_WARN_OBJC_IMPLICIT_RETAIN_SELF = YES;
				CLANG_WARN_OBJC_LITERAL_CONVERSION = YES;
				CLANG_WARN_OBJC_ROOT_CLASS = YES_ERROR;
				CLANG_WARN_QUOTED_INCLUDE_IN_FRAMEWORK_HEADER = YES;
				CLANG_WARN_RANGE_LOOP_ANALYSIS = YES;
				CLANG_WARN_STRICT_PROTOTYPES = YES;
				CLANG_WARN_SUSPICIOUS_MOVE = YES;
				CLANG_WARN_UNGUARDED_AVAILABILITY = YES_AGGRESSIVE;
				CLANG_WARN_UNREACHABLE_CODE = YES;
				CLANG_WARN__DUPLICATE_METHOD_MATCH = YES;
				COPY_PHASE_STRIP = NO;
				DEBUG_INFORMATION_FORMAT = "dwarf-with-dsym";
				ENABLE_NS_ASSERTIONS = NO;
				ENABLE_STRICT_OBJC_MSGSEND = YES;
				GCC_C_LANGUAGE_STANDARD = gnu11;
				GCC_NO_COMMON_BLOCKS = YES;
				GCC_WARN_64_TO_32_BIT_CONVERSION = YES;
				GCC_WARN_ABOUT_RETURN_TYPE = YES_ERROR;
				GCC_WARN_UNDECLARED_SELECTOR = YES;
				GCC_WARN_UNINITIALIZED_AUTOS = YES_AGGRESSIVE;
				GCC_WARN_UNUSED_FUNCTION = YES;
				GCC_WARN_UNUSED_VARIABLE = YES;
				IPHONEOS_DEPLOYMENT_TARGET = 15.5;
				MTL_ENABLE_DEBUG_INFO = NO;
				MTL_FAST_MATH = YES;
				SDKROOT = iphoneos;
				SWIFT_COMPILATION_MODE = wholemodule;
				SWIFT_OPTIMIZATION_LEVEL = "-O";
				VALIDATE_PRODUCT = YES;
			};
			name = Release;
		};
		48A2C47D287350FE0066E14D /* Debug */ = {
			isa = XCBuildConfiguration;
			baseConfigurationReference = FCBEAAB1AD3B1D8602FB8BB6 /* Pods-iChat.debug.xcconfig */;
			buildSettings = {
				ASSETCATALOG_COMPILER_APPICON_NAME = AppIcon;
				ASSETCATALOG_COMPILER_GLOBAL_ACCENT_COLOR_NAME = AccentColor;
				CODE_SIGN_STYLE = Automatic;
				CURRENT_PROJECT_VERSION = 1;
				DEVELOPMENT_TEAM = 3557QUJ6JD;
				"EXCLUDED_ARCHS[sdk=iphonesimulator*]" = "arm64 armv7 armv7s";
				GENERATE_INFOPLIST_FILE = YES;
				INFOPLIST_FILE = iChat/Info.plist;
				INFOPLIST_KEY_UIApplicationSupportsIndirectInputEvents = YES;
				INFOPLIST_KEY_UILaunchStoryboardName = LaunchScreen;
				INFOPLIST_KEY_UISupportedInterfaceOrientations = "UIInterfaceOrientationPortrait UIInterfaceOrientationLandscapeLeft UIInterfaceOrientationLandscapeRight";
				INFOPLIST_KEY_UISupportedInterfaceOrientations_iPad = "UIInterfaceOrientationPortrait UIInterfaceOrientationPortraitUpsideDown UIInterfaceOrientationLandscapeLeft UIInterfaceOrientationLandscapeRight";
				INFOPLIST_KEY_UISupportedInterfaceOrientations_iPhone = "UIInterfaceOrientationPortrait UIInterfaceOrientationLandscapeLeft UIInterfaceOrientationLandscapeRight";
				LD_RUNPATH_SEARCH_PATHS = (
					"$(inherited)",
					"@executable_path/Frameworks",
				);
				MARKETING_VERSION = 1.0;
				PRODUCT_BUNDLE_IDENTIFIER = ru.Home.iChat;
				PRODUCT_NAME = "$(TARGET_NAME)";
				SWIFT_EMIT_LOC_STRINGS = YES;
				SWIFT_VERSION = 5.0;
				TARGETED_DEVICE_FAMILY = "1,2";
			};
			name = Debug;
		};
		48A2C47E287350FE0066E14D /* Release */ = {
			isa = XCBuildConfiguration;
			baseConfigurationReference = 638467E4D1C956EFE516B3D0 /* Pods-iChat.release.xcconfig */;
			buildSettings = {
				ASSETCATALOG_COMPILER_APPICON_NAME = AppIcon;
				ASSETCATALOG_COMPILER_GLOBAL_ACCENT_COLOR_NAME = AccentColor;
				CODE_SIGN_STYLE = Automatic;
				CURRENT_PROJECT_VERSION = 1;
				DEVELOPMENT_TEAM = 3557QUJ6JD;
				"EXCLUDED_ARCHS[sdk=iphonesimulator*]" = "arm64 armv7 armv7s";
				GENERATE_INFOPLIST_FILE = YES;
				INFOPLIST_FILE = iChat/Info.plist;
				INFOPLIST_KEY_UIApplicationSupportsIndirectInputEvents = YES;
				INFOPLIST_KEY_UILaunchStoryboardName = LaunchScreen;
				INFOPLIST_KEY_UISupportedInterfaceOrientations = "UIInterfaceOrientationPortrait UIInterfaceOrientationLandscapeLeft UIInterfaceOrientationLandscapeRight";
				INFOPLIST_KEY_UISupportedInterfaceOrientations_iPad = "UIInterfaceOrientationPortrait UIInterfaceOrientationPortraitUpsideDown UIInterfaceOrientationLandscapeLeft UIInterfaceOrientationLandscapeRight";
				INFOPLIST_KEY_UISupportedInterfaceOrientations_iPhone = "UIInterfaceOrientationPortrait UIInterfaceOrientationLandscapeLeft UIInterfaceOrientationLandscapeRight";
				LD_RUNPATH_SEARCH_PATHS = (
					"$(inherited)",
					"@executable_path/Frameworks",
				);
				MARKETING_VERSION = 1.0;
				PRODUCT_BUNDLE_IDENTIFIER = ru.Home.iChat;
				PRODUCT_NAME = "$(TARGET_NAME)";
				SWIFT_EMIT_LOC_STRINGS = YES;
				SWIFT_VERSION = 5.0;
				TARGETED_DEVICE_FAMILY = "1,2";
			};
			name = Release;
		};
/* End XCBuildConfiguration section */

/* Begin XCConfigurationList section */
		48A2C463287350FD0066E14D /* Build configuration list for PBXProject "iChat" */ = {
			isa = XCConfigurationList;
			buildConfigurations = (
				48A2C47A287350FE0066E14D /* Debug */,
				48A2C47B287350FE0066E14D /* Release */,
			);
			defaultConfigurationIsVisible = 0;
			defaultConfigurationName = Release;
		};
		48A2C47C287350FE0066E14D /* Build configuration list for PBXNativeTarget "iChat" */ = {
			isa = XCConfigurationList;
			buildConfigurations = (
				48A2C47D287350FE0066E14D /* Debug */,
				48A2C47E287350FE0066E14D /* Release */,
			);
			defaultConfigurationIsVisible = 0;
			defaultConfigurationName = Release;
		};
/* End XCConfigurationList section */
	};
	rootObject = 48A2C460287350FD0066E14D /* Project object */;
}
